
Microsoft Visual Studio Solution File, Format Version 12.00
# Visual Studio Version 16
VisualStudioVersion = 16.0.31729.503
MinimumVisualStudioVersion = 10.0.40219.1
Project("{6EC3EE1D-3C4E-46DD-8F32-0CC8E7565705}") = "InsightClub.Courses.Bot", "InsightClub.Courses.Bot\InsightClub.Courses.Bot.fsproj", "{915DA8B6-D205-414A-A18F-4ABD8128080E}"
EndProject
Project("{2150E333-8FDC-42A3-9474-1A3956D46DE8}") = "Solution Items", "Solution Items", "{13C83AC0-52C2-4EE6-9AFF-9D25BBB7EB5B}"
	ProjectSection(SolutionItems) = preProject
		.gitattributes = .gitattributes
		.gitignore = .gitignore
	EndProjectSection
EndProject
Global
	GlobalSection(SolutionConfigurationPlatforms) = preSolution
		Debug|Any CPU = Debug|Any CPU
		Release|Any CPU = Release|Any CPU
	EndGlobalSection
	GlobalSection(ProjectConfigurationPlatforms) = postSolution
		{915DA8B6-D205-414A-A18F-4ABD8128080E}.Debug|Any CPU.ActiveCfg = Debug|Any CPU
		{915DA8B6-D205-414A-A18F-4ABD8128080E}.Debug|Any CPU.Build.0 = Debug|Any CPU
		{915DA8B6-D205-414A-A18F-4ABD8128080E}.Release|Any CPU.ActiveCfg = Release|Any CPU
		{915DA8B6-D205-414A-A18F-4ABD8128080E}.Release|Any CPU.Build.0 = Release|Any CPU
	EndGlobalSection
	GlobalSection(SolutionProperties) = preSolution
		HideSolutionNode = FALSE
	EndGlobalSection
	GlobalSection(ExtensibilityGlobals) = postSolution
		SolutionGuid = {E20AACFF-F474-4C50-9730-0842AF6C8FEB}
	EndGlobalSection
EndGlobal
